
Microsoft Visual Studio Solution File, Format Version 12.00
# Visual Studio Version 16
VisualStudioVersion = 16.0.29926.136
MinimumVisualStudioVersion = 10.0.40219.1
Project("{8BC9CEB8-8B4A-11D0-8D11-00A0C91BC942}") = "tcpServer", "tcpServer.vcxproj", "{CD7BD248-205D-4380-BD0D-C6DEEE1E2AD5}"
EndProject
Global
	GlobalSection(SolutionConfigurationPlatforms) = preSolution
		Debug|x64 = Debug|x64
		Debug|x86 = Debug|x86
		Release|x64 = Release|x64
		Release|x86 = Release|x86
	EndGlobalSection
	GlobalSection(ProjectConfigurationPlatforms) = postSolution
		{CD7BD248-205D-4380-BD0D-C6DEEE1E2AD5}.Debug|x64.ActiveCfg = Debug|x64
		{CD7BD248-205D-4380-BD0D-C6DEEE1E2AD5}.Debug|x64.Build.0 = Debug|x64
		{CD7BD248-205D-4380-BD0D-C6DEEE1E2AD5}.Debug|x86.ActiveCfg = Debug|Win32
		{CD7BD248-205D-4380-BD0D-C6DEEE1E2AD5}.Debug|x86.Build.0 = Debug|Win32
		{CD7BD248-205D-4380-BD0D-C6DEEE1E2AD5}.Release|x64.ActiveCfg = Release|x64
		{CD7BD248-205D-4380-BD0D-C6DEEE1E2AD5}.Release|x64.Build.0 = Release|x64
		{CD7BD248-205D-4380-BD0D-C6DEEE1E2AD5}.Release|x86.ActiveCfg = Release|Win32
		{CD7BD248-205D-4380-BD0D-C6DEEE1E2AD5}.Release|x86.Build.0 = Release|Win32
	EndGlobalSection
	GlobalSection(SolutionProperties) = preSolution
		HideSolutionNode = FALSE
	EndGlobalSection
	GlobalSection(ExtensibilityGlobals) = postSolution
		SolutionGuid = {2E6711AF-1C12-4F08-8C9F-CFBEEB57A63F}
	EndGlobalSection
EndGlobal
