
Microsoft Visual Studio Solution File, Format Version 12.00
# Visual Studio 15
VisualStudioVersion = 15.0.28307.421
MinimumVisualStudioVersion = 10.0.40219.1
Project("{8BC9CEB8-8B4A-11D0-8D11-00A0C91BC942}") = "lab 3", "lab 3.vcxproj", "{4FC8BCAF-8869-4294-B4D3-0FDF75D73479}"
EndProject
Global
	GlobalSection(SolutionConfigurationPlatforms) = preSolution
		Debug|x64 = Debug|x64
		Debug|x86 = Debug|x86
		Release|x64 = Release|x64
		Release|x86 = Release|x86
	EndGlobalSection
	GlobalSection(ProjectConfigurationPlatforms) = postSolution
		{4FC8BCAF-8869-4294-B4D3-0FDF75D73479}.Debug|x64.ActiveCfg = Debug|x64
		{4FC8BCAF-8869-4294-B4D3-0FDF75D73479}.Debug|x64.Build.0 = Debug|x64
		{4FC8BCAF-8869-4294-B4D3-0FDF75D73479}.Debug|x86.ActiveCfg = Debug|Win32
		{4FC8BCAF-8869-4294-B4D3-0FDF75D73479}.Debug|x86.Build.0 = Debug|Win32
		{4FC8BCAF-8869-4294-B4D3-0FDF75D73479}.Release|x64.ActiveCfg = Release|x64
		{4FC8BCAF-8869-4294-B4D3-0FDF75D73479}.Release|x64.Build.0 = Release|x64
		{4FC8BCAF-8869-4294-B4D3-0FDF75D73479}.Release|x86.ActiveCfg = Release|Win32
		{4FC8BCAF-8869-4294-B4D3-0FDF75D73479}.Release|x86.Build.0 = Release|Win32
	EndGlobalSection
	GlobalSection(SolutionProperties) = preSolution
		HideSolutionNode = FALSE
	EndGlobalSection
	GlobalSection(ExtensibilityGlobals) = postSolution
		SolutionGuid = {93422BF4-9A05-4B17-8AC2-8AAAE4008C6E}
	EndGlobalSection
EndGlobal
